
Microsoft Visual Studio Solution File, Format Version 12.00
# Visual Studio 2013
VisualStudioVersion = 12.0.31101.0
MinimumVisualStudioVersion = 10.0.40219.1
Project("{FAE04EC0-301F-11D3-BF4B-00C04F79EFBC}") = "TAUILibrary", "TAUILibrary\TAUILibrary.csproj", "{942E356C-1FFC-4F79-B997-05D692A86E49}"
EndProject
Project("{FAE04EC0-301F-11D3-BF4B-00C04F79EFBC}") = "BaiThi2", "BaiThi2\BaiThi2.csproj", "{718D128F-E716-4945-BB8C-D86F161164FC}"
EndProject
Global
	GlobalSection(SolutionConfigurationPlatforms) = preSolution
		Debug|Any CPU = Debug|Any CPU
		Release|Any CPU = Release|Any CPU
	EndGlobalSection
	GlobalSection(ProjectConfigurationPlatforms) = postSolution
		{942E356C-1FFC-4F79-B997-05D692A86E49}.Debug|Any CPU.ActiveCfg = Debug|Any CPU
		{942E356C-1FFC-4F79-B997-05D692A86E49}.Debug|Any CPU.Build.0 = Debug|Any CPU
		{942E356C-1FFC-4F79-B997-05D692A86E49}.Release|Any CPU.ActiveCfg = Release|Any CPU
		{942E356C-1FFC-4F79-B997-05D692A86E49}.Release|Any CPU.Build.0 = Release|Any CPU
		{718D128F-E716-4945-BB8C-D86F161164FC}.Debug|Any CPU.ActiveCfg = Debug|Any CPU
		{718D128F-E716-4945-BB8C-D86F161164FC}.Debug|Any CPU.Build.0 = Debug|Any CPU
		{718D128F-E716-4945-BB8C-D86F161164FC}.Release|Any CPU.ActiveCfg = Release|Any CPU
		{718D128F-E716-4945-BB8C-D86F161164FC}.Release|Any CPU.Build.0 = Release|Any CPU
	EndGlobalSection
	GlobalSection(SolutionProperties) = preSolution
		HideSolutionNode = FALSE
	EndGlobalSection
EndGlobal
