
Microsoft Visual Studio Solution File, Format Version 12.00
# Visual Studio 14
VisualStudioVersion = 14.0.24720.0
MinimumVisualStudioVersion = 10.0.40219.1
Project("{FAE04EC0-301F-11D3-BF4B-00C04F79EFBC}") = "Sprite", "Sprite\Sprite.csproj", "{DAFC40C7-7F47-4BB0-A63C-A52A66DC4AEE}"
EndProject
Global
	GlobalSection(SolutionConfigurationPlatforms) = preSolution
		Debug|Any CPU = Debug|Any CPU
		Release|Any CPU = Release|Any CPU
	EndGlobalSection
	GlobalSection(ProjectConfigurationPlatforms) = postSolution
		{DAFC40C7-7F47-4BB0-A63C-A52A66DC4AEE}.Debug|Any CPU.ActiveCfg = Debug|Any CPU
		{DAFC40C7-7F47-4BB0-A63C-A52A66DC4AEE}.Debug|Any CPU.Build.0 = Debug|Any CPU
		{DAFC40C7-7F47-4BB0-A63C-A52A66DC4AEE}.Release|Any CPU.ActiveCfg = Release|Any CPU
		{DAFC40C7-7F47-4BB0-A63C-A52A66DC4AEE}.Release|Any CPU.Build.0 = Release|Any CPU
	EndGlobalSection
	GlobalSection(SolutionProperties) = preSolution
		HideSolutionNode = FALSE
	EndGlobalSection
EndGlobal
